
Microsoft Visual Studio Solution File, Format Version 12.00
# Visual Studio Version 17
VisualStudioVersion = 17.1.32210.238
MinimumVisualStudioVersion = 10.0.40219.1
Project("{FAE04EC0-301F-11D3-BF4B-00C04F79EFBC}") = "ZengShihao0706", "ZengShihao0706\ZengShihao0706.csproj", "{A5FB28CC-A104-4C9E-927C-5629CFDD1540}"
EndProject
Project("{FAE04EC0-301F-11D3-BF4B-00C04F79EFBC}") = "W1HW3App", "W1HW3App\W1HW3App.csproj", "{B88BC01B-A7F8-485A-9257-CBCFFEF3F5C0}"
EndProject
Global
	GlobalSection(SolutionConfigurationPlatforms) = preSolution
		Debug|Any CPU = Debug|Any CPU
		Release|Any CPU = Release|Any CPU
	EndGlobalSection
	GlobalSection(ProjectConfigurationPlatforms) = postSolution
		{A5FB28CC-A104-4C9E-927C-5629CFDD1540}.Debug|Any CPU.ActiveCfg = Debug|Any CPU
		{A5FB28CC-A104-4C9E-927C-5629CFDD1540}.Debug|Any CPU.Build.0 = Debug|Any CPU
		{A5FB28CC-A104-4C9E-927C-5629CFDD1540}.Release|Any CPU.ActiveCfg = Release|Any CPU
		{A5FB28CC-A104-4C9E-927C-5629CFDD1540}.Release|Any CPU.Build.0 = Release|Any CPU
		{B88BC01B-A7F8-485A-9257-CBCFFEF3F5C0}.Debug|Any CPU.ActiveCfg = Debug|Any CPU
		{B88BC01B-A7F8-485A-9257-CBCFFEF3F5C0}.Debug|Any CPU.Build.0 = Debug|Any CPU
		{B88BC01B-A7F8-485A-9257-CBCFFEF3F5C0}.Release|Any CPU.ActiveCfg = Release|Any CPU
		{B88BC01B-A7F8-485A-9257-CBCFFEF3F5C0}.Release|Any CPU.Build.0 = Release|Any CPU
	EndGlobalSection
	GlobalSection(SolutionProperties) = preSolution
		HideSolutionNode = FALSE
	EndGlobalSection
	GlobalSection(ExtensibilityGlobals) = postSolution
		SolutionGuid = {873E1F95-9BF2-4369-8CB5-E094A0BB75B0}
	EndGlobalSection
EndGlobal
